// !$*UTF8*$!
{
	archiveVersion = 1;
	classes = {
	};
	objectVersion = 56;
	objects = {

/* Begin PBXBuildFile section */
		F2AEE4902A81663D008B2CF8 /* AppDelegate.swift in Sources */ = {isa = PBXBuildFile; fileRef = F2AEE48F2A81663D008B2CF8 /* AppDelegate.swift */; };
		F2AEE4922A81663D008B2CF8 /* SceneDelegate.swift in Sources */ = {isa = PBXBuildFile; fileRef = F2AEE4912A81663D008B2CF8 /* SceneDelegate.swift */; };
		F2AEE4942A81663D008B2CF8 /* ViewController.swift in Sources */ = {isa = PBXBuildFile; fileRef = F2AEE4932A81663D008B2CF8 /* ViewController.swift */; };
		F2AEE4972A81663D008B2CF8 /* Main.storyboard in Resources */ = {isa = PBXBuildFile; fileRef = F2AEE4952A81663D008B2CF8 /* Main.storyboard */; };
		F2AEE4992A81663F008B2CF8 /* Assets.xcassets in Resources */ = {isa = PBXBuildFile; fileRef = F2AEE4982A81663F008B2CF8 /* Assets.xcassets */; };
		F2AEE49C2A81663F008B2CF8 /* LaunchScreen.storyboard in Resources */ = {isa = PBXBuildFile; fileRef = F2AEE49A2A81663F008B2CF8 /* LaunchScreen.storyboard */; };
		F2AEE4A42A816BFC008B2CF8 /* AnasayfaViewModel.swift in Sources */ = {isa = PBXBuildFile; fileRef = F2AEE4A32A816BFC008B2CF8 /* AnasayfaViewModel.swift */; };
		F2AEE4A72A816F43008B2CF8 /* RxSwift in Frameworks */ = {isa = PBXBuildFile; productRef = F2AEE4A62A816F43008B2CF8 /* RxSwift */; };
		F2AEE4A92A8171FF008B2CF8 /* MathRepo.swift in Sources */ = {isa = PBXBuildFile; fileRef = F2AEE4A82A8171FF008B2CF8 /* MathRepo.swift */; };
/* End PBXBuildFile section */

/* Begin PBXFileReference section */
		F2AEE48C2A81663D008B2CF8 /* MVVM_Start.app */ = {isa = PBXFileReference; explicitFileType = wrapper.application; includeInIndex = 0; path = MVVM_Start.app; sourceTree = BUILT_PRODUCTS_DIR; };
		F2AEE48F2A81663D008B2CF8 /* AppDelegate.swift */ = {isa = PBXFileReference; lastKnownFileType = sourcecode.swift; path = AppDelegate.swift; sourceTree = "<group>"; };
		F2AEE4912A81663D008B2CF8 /* SceneDelegate.swift */ = {isa = PBXFileReference; lastKnownFileType = sourcecode.swift; path = SceneDelegate.swift; sourceTree = "<group>"; };
		F2AEE4932A81663D008B2CF8 /* ViewController.swift */ = {isa = PBXFileReference; lastKnownFileType = sourcecode.swift; path = ViewController.swift; sourceTree = "<group>"; };
		F2AEE4962A81663D008B2CF8 /* Base */ = {isa = PBXFileReference; lastKnownFileType = file.storyboard; name = Base; path = Base.lproj/Main.storyboard; sourceTree = "<group>"; };
		F2AEE4982A81663F008B2CF8 /* Assets.xcassets */ = {isa = PBXFileReference; lastKnownFileType = folder.assetcatalog; path = Assets.xcassets; sourceTree = "<group>"; };
		F2AEE49B2A81663F008B2CF8 /* Base */ = {isa = PBXFileReference; lastKnownFileType = file.storyboard; name = Base; path = Base.lproj/LaunchScreen.storyboard; sourceTree = "<group>"; };
		F2AEE49D2A81663F008B2CF8 /* Info.plist */ = {isa = PBXFileReference; lastKnownFileType = text.plist.xml; path = Info.plist; sourceTree = "<group>"; };
		F2AEE4A32A816BFC008B2CF8 /* AnasayfaViewModel.swift */ = {isa = PBXFileReference; lastKnownFileType = sourcecode.swift; path = AnasayfaViewModel.swift; sourceTree = "<group>"; };
		F2AEE4A82A8171FF008B2CF8 /* MathRepo.swift */ = {isa = PBXFileReference; lastKnownFileType = sourcecode.swift; path = MathRepo.swift; sourceTree = "<group>"; };
/* End PBXFileReference section */

/* Begin PBXFrameworksBuildPhase section */
		F2AEE4892A81663D008B2CF8 /* Frameworks */ = {
			isa = PBXFrameworksBuildPhase;
			buildActionMask = 2147483647;
			files = (
				F2AEE4A72A816F43008B2CF8 /* RxSwift in Frameworks */,
			);
			runOnlyForDeploymentPostprocessing = 0;
		};
/* End PBXFrameworksBuildPhase section */

/* Begin PBXGroup section */
		F2AEE4832A81663D008B2CF8 = {
			isa = PBXGroup;
			children = (
				F2AEE48E2A81663D008B2CF8 /* MVVM_Start */,
				F2AEE48D2A81663D008B2CF8 /* Products */,
			);
			sourceTree = "<group>";
		};
		F2AEE48D2A81663D008B2CF8 /* Products */ = {
			isa = PBXGroup;
			children = (
				F2AEE48C2A81663D008B2CF8 /* MVVM_Start.app */,
			);
			name = Products;
			sourceTree = "<group>";
		};
		F2AEE48E2A81663D008B2CF8 /* MVVM_Start */ = {
			isa = PBXGroup;
			children = (
				F2AEE48F2A81663D008B2CF8 /* AppDelegate.swift */,
				F2AEE4912A81663D008B2CF8 /* SceneDelegate.swift */,
				F2AEE4932A81663D008B2CF8 /* ViewController.swift */,
				F2AEE4A32A816BFC008B2CF8 /* AnasayfaViewModel.swift */,
				F2AEE4A82A8171FF008B2CF8 /* MathRepo.swift */,
				F2AEE4952A81663D008B2CF8 /* Main.storyboard */,
				F2AEE4982A81663F008B2CF8 /* Assets.xcassets */,
				F2AEE49A2A81663F008B2CF8 /* LaunchScreen.storyboard */,
				F2AEE49D2A81663F008B2CF8 /* Info.plist */,
			);
			path = MVVM_Start;
			sourceTree = "<group>";
		};
/* End PBXGroup section */

/* Begin PBXNativeTarget section */
		F2AEE48B2A81663D008B2CF8 /* MVVM_Start */ = {
			isa = PBXNativeTarget;
			buildConfigurationList = F2AEE4A02A81663F008B2CF8 /* Build configuration list for PBXNativeTarget "MVVM_Start" */;
			buildPhases = (
				F2AEE4882A81663D008B2CF8 /* Sources */,
				F2AEE4892A81663D008B2CF8 /* Frameworks */,
				F2AEE48A2A81663D008B2CF8 /* Resources */,
			);
			buildRules = (
			);
			dependencies = (
			);
			name = MVVM_Start;
			packageProductDependencies = (
				F2AEE4A62A816F43008B2CF8 /* RxSwift */,
			);
			productName = MVVM_Start;
			productReference = F2AEE48C2A81663D008B2CF8 /* MVVM_Start.app */;
			productType = "com.apple.product-type.application";
		};
/* End PBXNativeTarget section */

/* Begin PBXProject section */
		F2AEE4842A81663D008B2CF8 /* Project object */ = {
			isa = PBXProject;
			attributes = {
				BuildIndependentTargetsInParallel = 1;
				LastSwiftUpdateCheck = 1430;
				LastUpgradeCheck = 1430;
				TargetAttributes = {
					F2AEE48B2A81663D008B2CF8 = {
						CreatedOnToolsVersion = 14.3.1;
					};
				};
			};
			buildConfigurationList = F2AEE4872A81663D008B2CF8 /* Build configuration list for PBXProject "MVVM_Start" */;
			compatibilityVersion = "Xcode 14.0";
			developmentRegion = en;
			hasScannedForEncodings = 0;
			knownRegions = (
				en,
				Base,
			);
			mainGroup = F2AEE4832A81663D008B2CF8;
			packageReferences = (
				F2AEE4A52A816F43008B2CF8 /* XCRemoteSwiftPackageReference "RxSwift" */,
			);
			productRefGroup = F2AEE48D2A81663D008B2CF8 /* Products */;
			projectDirPath = "";
			projectRoot = "";
			targets = (
				F2AEE48B2A81663D008B2CF8 /* MVVM_Start */,
			);
		};
/* End PBXProject section */

/* Begin PBXResourcesBuildPhase section */
		F2AEE48A2A81663D008B2CF8 /* Resources */ = {
			isa = PBXResourcesBuildPhase;
			buildActionMask = 2147483647;
			files = (
				F2AEE49C2A81663F008B2CF8 /* LaunchScreen.storyboard in Resources */,
				F2AEE4992A81663F008B2CF8 /* Assets.xcassets in Resources */,
				F2AEE4972A81663D008B2CF8 /* Main.storyboard in Resources */,
			);
			runOnlyForDeploymentPostprocessing = 0;
		};
/* End PBXResourcesBuildPhase section */

/* Begin PBXSourcesBuildPhase section */
		F2AEE4882A81663D008B2CF8 /* Sources */ = {
			isa = PBXSourcesBuildPhase;
			buildActionMask = 2147483647;
			files = (
				F2AEE4A42A816BFC008B2CF8 /* AnasayfaViewModel.swift in Sources */,
				F2AEE4A92A8171FF008B2CF8 /* MathRepo.swift in Sources */,
				F2AEE4942A81663D008B2CF8 /* ViewController.swift in Sources */,
				F2AEE4902A81663D008B2CF8 /* AppDelegate.swift in Sources */,
				F2AEE4922A81663D008B2CF8 /* SceneDelegate.swift in Sources */,
			);
			runOnlyForDeploymentPostprocessing = 0;
		};
/* End PBXSourcesBuildPhase section */

/* Begin PBXVariantGroup section */
		F2AEE4952A81663D008B2CF8 /* Main.storyboard */ = {
			isa = PBXVariantGroup;
			children = (
				F2AEE4962A81663D008B2CF8 /* Base */,
			);
			name = Main.storyboard;
			sourceTree = "<group>";
		};
		F2AEE49A2A81663F008B2CF8 /* LaunchScreen.storyboard */ = {
			isa = PBXVariantGroup;
			children = (
				F2AEE49B2A81663F008B2CF8 /* Base */,
			);
			name = LaunchScreen.storyboard;
			sourceTree = "<group>";
		};
/* End PBXVariantGroup section */

/* Begin XCBuildConfiguration section */
		F2AEE49E2A81663F008B2CF8 /* Debug */ = {
			isa = XCBuildConfiguration;
			buildSettings = {
				ALWAYS_SEARCH_USER_PATHS = NO;
				CLANG_ANALYZER_NONNULL = YES;
				CLANG_ANALYZER_NUMBER_OBJECT_CONVERSION = YES_AGGRESSIVE;
				CLANG_CXX_LANGUAGE_STANDARD = "gnu++20";
				CLANG_ENABLE_MODULES = YES;
				CLANG_ENABLE_OBJC_ARC = YES;
				CLANG_ENABLE_OBJC_WEAK = YES;
				CLANG_WARN_BLOCK_CAPTURE_AUTORELEASING = YES;
				CLANG_WARN_BOOL_CONVERSION = YES;
				CLANG_WARN_COMMA = YES;
				CLANG_WARN_CONSTANT_CONVERSION = YES;
				CLANG_WARN_DEPRECATED_OBJC_IMPLEMENTATIONS = YES;
				CLANG_WARN_DIRECT_OBJC_ISA_USAGE = YES_ERROR;
				CLANG_WARN_DOCUMENTATION_COMMENTS = YES;
				CLANG_WARN_EMPTY_BODY = YES;
				CLANG_WARN_ENUM_CONVERSION = YES;
				CLANG_WARN_INFINITE_RECURSION = YES;
				CLANG_WARN_INT_CONVERSION = YES;
				CLANG_WARN_NON_LITERAL_NULL_CONVERSION = YES;
				CLANG_WARN_OBJC_IMPLICIT_RETAIN_SELF = YES;
				CLANG_WARN_OBJC_LITERAL_CONVERSION = YES;
				CLANG_WARN_OBJC_ROOT_CLASS = YES_ERROR;
				CLANG_WARN_QUOTED_INCLUDE_IN_FRAMEWORK_HEADER = YES;
				CLANG_WARN_RANGE_LOOP_ANALYSIS = YES;
				CLANG_WARN_STRICT_PROTOTYPES = YES;
				CLANG_WARN_SUSPICIOUS_MOVE = YES;
				CLANG_WARN_UNGUARDED_AVAILABILITY = YES_AGGRESSIVE;
				CLANG_WARN_UNREACHABLE_CODE = YES;
				CLANG_WARN__DUPLICATE_METHOD_MATCH = YES;
				COPY_PHASE_STRIP = NO;
				DEBUG_INFORMATION_FORMAT = dwarf;
				ENABLE_STRICT_OBJC_MSGSEND = YES;
				ENABLE_TESTABILITY = YES;
				GCC_C_LANGUAGE_STANDARD = gnu11;
				GCC_DYNAMIC_NO_PIC = NO;
				GCC_NO_COMMON_BLOCKS = YES;
				GCC_OPTIMIZATION_LEVEL = 0;
				GCC_PREPROCESSOR_DEFINITIONS = (
					"DEBUG=1",
					"$(inherited)",
				);
				GCC_WARN_64_TO_32_BIT_CONVERSION = YES;
				GCC_WARN_ABOUT_RETURN_TYPE = YES_ERROR;
				GCC_WARN_UNDECLARED_SELECTOR = YES;
				GCC_WARN_UNINITIALIZED_AUTOS = YES_AGGRESSIVE;
				GCC_WARN_UNUSED_FUNCTION = YES;
				GCC_WARN_UNUSED_VARIABLE = YES;
				IPHONEOS_DEPLOYMENT_TARGET = 16.4;
				MTL_ENABLE_DEBUG_INFO = INCLUDE_SOURCE;
				MTL_FAST_MATH = YES;
				ONLY_ACTIVE_ARCH = YES;
				SDKROOT = iphoneos;
				SWIFT_ACTIVE_COMPILATION_CONDITIONS = DEBUG;
				SWIFT_OPTIMIZATION_LEVEL = "-Onone";
			};
			name = Debug;
		};
		F2AEE49F2A81663F008B2CF8 /* Release */ = {
			isa = XCBuildConfiguration;
			buildSettings = {
				ALWAYS_SEARCH_USER_PATHS = NO;
				CLANG_ANALYZER_NONNULL = YES;
				CLANG_ANALYZER_NUMBER_OBJECT_CONVERSION = YES_AGGRESSIVE;
				CLANG_CXX_LANGUAGE_STANDARD = "gnu++20";
				CLANG_ENABLE_MODULES = YES;
				CLANG_ENABLE_OBJC_ARC = YES;
				CLANG_ENABLE_OBJC_WEAK = YES;
				CLANG_WARN_BLOCK_CAPTURE_AUTORELEASING = YES;
				CLANG_WARN_BOOL_CONVERSION = YES;
				CLANG_WARN_COMMA = YES;
				CLANG_WARN_CONSTANT_CONVERSION = YES;
				CLANG_WARN_DEPRECATED_OBJC_IMPLEMENTATIONS = YES;
				CLANG_WARN_DIRECT_OBJC_ISA_USAGE = YES_ERROR;
				CLANG_WARN_DOCUMENTATION_COMMENTS = YES;
				CLANG_WARN_EMPTY_BODY = YES;
				CLANG_WARN_ENUM_CONVERSION = YES;
				CLANG_WARN_INFINITE_RECURSION = YES;
				CLANG_WARN_INT_CONVERSION = YES;
				CLANG_WARN_NON_LITERAL_NULL_CONVERSION = YES;
				CLANG_WARN_OBJC_IMPLICIT_RETAIN_SELF = YES;
				CLANG_WARN_OBJC_LITERAL_CONVERSION = YES;
				CLANG_WARN_OBJC_ROOT_CLASS = YES_ERROR;
				CLANG_WARN_QUOTED_INCLUDE_IN_FRAMEWORK_HEADER = YES;
				CLANG_WARN_RANGE_LOOP_ANALYSIS = YES;
				CLANG_WARN_STRICT_PROTOTYPES = YES;
				CLANG_WARN_SUSPICIOUS_MOVE = YES;
				CLANG_WARN_UNGUARDED_AVAILABILITY = YES_AGGRESSIVE;
				CLANG_WARN_UNREACHABLE_CODE = YES;
				CLANG_WARN__DUPLICATE_METHOD_MATCH = YES;
				COPY_PHASE_STRIP = NO;
				DEBUG_INFORMATION_FORMAT = "dwarf-with-dsym";
				ENABLE_NS_ASSERTIONS = NO;
				ENABLE_STRICT_OBJC_MSGSEND = YES;
				GCC_C_LANGUAGE_STANDARD = gnu11;
				GCC_NO_COMMON_BLOCKS = YES;
				GCC_WARN_64_TO_32_BIT_CONVERSION = YES;
				GCC_WARN_ABOUT_RETURN_TYPE = YES_ERROR;
				GCC_WARN_UNDECLARED_SELECTOR = YES;
				GCC_WARN_UNINITIALIZED_AUTOS = YES_AGGRESSIVE;
				GCC_WARN_UNUSED_FUNCTION = YES;
				GCC_WARN_UNUSED_VARIABLE = YES;
				IPHONEOS_DEPLOYMENT_TARGET = 16.4;
				MTL_ENABLE_DEBUG_INFO = NO;
				MTL_FAST_MATH = YES;
				SDKROOT = iphoneos;
				SWIFT_COMPILATION_MODE = wholemodule;
				SWIFT_OPTIMIZATION_LEVEL = "-O";
				VALIDATE_PRODUCT = YES;
			};
			name = Release;
		};
		F2AEE4A12A81663F008B2CF8 /* Debug */ = {
			isa = XCBuildConfiguration;
			buildSettings = {
				ASSETCATALOG_COMPILER_APPICON_NAME = AppIcon;
				ASSETCATALOG_COMPILER_GLOBAL_ACCENT_COLOR_NAME = AccentColor;
				CODE_SIGN_STYLE = Automatic;
				CURRENT_PROJECT_VERSION = 1;
				DEVELOPMENT_TEAM = G9HT48F9AL;
				GENERATE_INFOPLIST_FILE = YES;
				INFOPLIST_FILE = MVVM_Start/Info.plist;
				INFOPLIST_KEY_UIApplicationSupportsIndirectInputEvents = YES;
				INFOPLIST_KEY_UILaunchStoryboardName = LaunchScreen;
				INFOPLIST_KEY_UIMainStoryboardFile = Main;
				INFOPLIST_KEY_UISupportedInterfaceOrientations_iPad = "UIInterfaceOrientationPortrait UIInterfaceOrientationPortraitUpsideDown UIInterfaceOrientationLandscapeLeft UIInterfaceOrientationLandscapeRight";
				INFOPLIST_KEY_UISupportedInterfaceOrientations_iPhone = "UIInterfaceOrientationPortrait UIInterfaceOrientationLandscapeLeft UIInterfaceOrientationLandscapeRight";
				LD_RUNPATH_SEARCH_PATHS = (
					"$(inherited)",
					"@executable_path/Frameworks",
				);
				MARKETING_VERSION = 1.0;
				PRODUCT_BUNDLE_IDENTIFIER = "maazez.MVVM-Start";
				PRODUCT_NAME = "$(TARGET_NAME)";
				SWIFT_EMIT_LOC_STRINGS = YES;
				SWIFT_VERSION = 5.0;
				TARGETED_DEVICE_FAMILY = "1,2";
			};
			name = Debug;
		};
		F2AEE4A22A81663F008B2CF8 /* Release */ = {
			isa = XCBuildConfiguration;
			buildSettings = {
				ASSETCATALOG_COMPILER_APPICON_NAME = AppIcon;
				ASSETCATALOG_COMPILER_GLOBAL_ACCENT_COLOR_NAME = AccentColor;
				CODE_SIGN_STYLE = Automatic;
				CURRENT_PROJECT_VERSION = 1;
				DEVELOPMENT_TEAM = G9HT48F9AL;
				GENERATE_INFOPLIST_FILE = YES;
				INFOPLIST_FILE = MVVM_Start/Info.plist;
				INFOPLIST_KEY_UIApplicationSupportsIndirectInputEvents = YES;
				INFOPLIST_KEY_UILaunchStoryboardName = LaunchScreen;
				INFOPLIST_KEY_UIMainStoryboardFile = Main;
				INFOPLIST_KEY_UISupportedInterfaceOrientations_iPad = "UIInterfaceOrientationPortrait UIInterfaceOrientationPortraitUpsideDown UIInterfaceOrientationLandscapeLeft UIInterfaceOrientationLandscapeRight";
				INFOPLIST_KEY_UISupportedInterfaceOrientations_iPhone = "UIInterfaceOrientationPortrait UIInterfaceOrientationLandscapeLeft UIInterfaceOrientationLandscapeRight";
				LD_RUNPATH_SEARCH_PATHS = (
					"$(inherited)",
					"@executable_path/Frameworks",
				);
				MARKETING_VERSION = 1.0;
				PRODUCT_BUNDLE_IDENTIFIER = "maazez.MVVM-Start";
				PRODUCT_NAME = "$(TARGET_NAME)";
				SWIFT_EMIT_LOC_STRINGS = YES;
				SWIFT_VERSION = 5.0;
				TARGETED_DEVICE_FAMILY = "1,2";
			};
			name = Release;
		};
/* End XCBuildConfiguration section */

/* Begin XCConfigurationList section */
		F2AEE4872A81663D008B2CF8 /* Build configuration list for PBXProject "MVVM_Start" */ = {
			isa = XCConfigurationList;
			buildConfigurations = (
				F2AEE49E2A81663F008B2CF8 /* Debug */,
				F2AEE49F2A81663F008B2CF8 /* Release */,
			);
			defaultConfigurationIsVisible = 0;
			defaultConfigurationName = Release;
		};
		F2AEE4A02A81663F008B2CF8 /* Build configuration list for PBXNativeTarget "MVVM_Start" */ = {
			isa = XCConfigurationList;
			buildConfigurations = (
				F2AEE4A12A81663F008B2CF8 /* Debug */,
				F2AEE4A22A81663F008B2CF8 /* Release */,
			);
			defaultConfigurationIsVisible = 0;
			defaultConfigurationName = Release;
		};
/* End XCConfigurationList section */

/* Begin XCRemoteSwiftPackageReference section */
		F2AEE4A52A816F43008B2CF8 /* XCRemoteSwiftPackageReference "RxSwift" */ = {
			isa = XCRemoteSwiftPackageReference;
			repositoryURL = "https://github.com/ReactiveX/RxSwift";
			requirement = {
				kind = upToNextMajorVersion;
				minimumVersion = 6.0.0;
			};
		};
/* End XCRemoteSwiftPackageReference section */

/* Begin XCSwiftPackageProductDependency section */
		F2AEE4A62A816F43008B2CF8 /* RxSwift */ = {
			isa = XCSwiftPackageProductDependency;
			package = F2AEE4A52A816F43008B2CF8 /* XCRemoteSwiftPackageReference "RxSwift" */;
			productName = RxSwift;
		};
/* End XCSwiftPackageProductDependency section */
	};
	rootObject = F2AEE4842A81663D008B2CF8 /* Project object */;
}
